
Microsoft Visual Studio Solution File, Format Version 12.00
# Visual Studio 14
VisualStudioVersion = 14.0.25420.1
MinimumVisualStudioVersion = 10.0.40219.1
Project("{54435603-DBB4-11D2-8724-00A0C9A8B90C}") = "QuoteSetup", "QuoteSetup\QuoteSetup.vdproj", "{34FAB186-156F-495C-836F-A50A149CF316}"
	ProjectSection(ProjectDependencies) = postProject
		{411B2533-6434-4E89-815C-341472EC27EC} = {411B2533-6434-4E89-815C-341472EC27EC}
	EndProjectSection
EndProject
Project("{FAE04EC0-301F-11D3-BF4B-00C04F79EFBC}") = "Quote.Update", "Quote.Update\Quote.Update.csproj", "{17C209CB-9E25-4E55-85CC-3AF0CC1FBA48}"
EndProject
Project("{FAE04EC0-301F-11D3-BF4B-00C04F79EFBC}") = "QuoteSetup.Installer", "QuoteSetup.Installer\QuoteSetup.Installer.csproj", "{8FED5204-2A2E-4AA6-B613-EB64C78C3A65}"
EndProject
Project("{FAE04EC0-301F-11D3-BF4B-00C04F79EFBC}") = "BusinessLogicLayer", "BusinessLogicLayer\BusinessLogicLayer.csproj", "{A80DB65C-2BD6-4F14-9027-B50E470290E6}"
EndProject
Project("{FAE04EC0-301F-11D3-BF4B-00C04F79EFBC}") = "DataAccessLayer", "DataAccessLayer\DataAccessLayer.csproj", "{DCB8CCF1-24E8-4865-AAF9-6C951077BB57}"
EndProject
Project("{FAE04EC0-301F-11D3-BF4B-00C04F79EFBC}") = "Quote", "StlmQuoteWPF\Quote.csproj", "{411B2533-6434-4E89-815C-341472EC27EC}"
EndProject
Global
	GlobalSection(SolutionConfigurationPlatforms) = preSolution
		Debug|Any CPU = Debug|Any CPU
		Release|Any CPU = Release|Any CPU
	EndGlobalSection
	GlobalSection(ProjectConfigurationPlatforms) = postSolution
		{34FAB186-156F-495C-836F-A50A149CF316}.Debug|Any CPU.ActiveCfg = Debug
		{34FAB186-156F-495C-836F-A50A149CF316}.Debug|Any CPU.Build.0 = Debug
		{34FAB186-156F-495C-836F-A50A149CF316}.Release|Any CPU.ActiveCfg = Release
		{34FAB186-156F-495C-836F-A50A149CF316}.Release|Any CPU.Build.0 = Release
		{17C209CB-9E25-4E55-85CC-3AF0CC1FBA48}.Debug|Any CPU.ActiveCfg = Debug|Any CPU
		{17C209CB-9E25-4E55-85CC-3AF0CC1FBA48}.Debug|Any CPU.Build.0 = Debug|Any CPU
		{17C209CB-9E25-4E55-85CC-3AF0CC1FBA48}.Release|Any CPU.ActiveCfg = Release|Any CPU
		{17C209CB-9E25-4E55-85CC-3AF0CC1FBA48}.Release|Any CPU.Build.0 = Release|Any CPU
		{8FED5204-2A2E-4AA6-B613-EB64C78C3A65}.Debug|Any CPU.ActiveCfg = Debug|Any CPU
		{8FED5204-2A2E-4AA6-B613-EB64C78C3A65}.Debug|Any CPU.Build.0 = Debug|Any CPU
		{8FED5204-2A2E-4AA6-B613-EB64C78C3A65}.Release|Any CPU.ActiveCfg = Release|Any CPU
		{8FED5204-2A2E-4AA6-B613-EB64C78C3A65}.Release|Any CPU.Build.0 = Release|Any CPU
		{A80DB65C-2BD6-4F14-9027-B50E470290E6}.Debug|Any CPU.ActiveCfg = Debug|Any CPU
		{A80DB65C-2BD6-4F14-9027-B50E470290E6}.Debug|Any CPU.Build.0 = Debug|Any CPU
		{A80DB65C-2BD6-4F14-9027-B50E470290E6}.Release|Any CPU.ActiveCfg = Release|Any CPU
		{A80DB65C-2BD6-4F14-9027-B50E470290E6}.Release|Any CPU.Build.0 = Release|Any CPU
		{DCB8CCF1-24E8-4865-AAF9-6C951077BB57}.Debug|Any CPU.ActiveCfg = Debug|Any CPU
		{DCB8CCF1-24E8-4865-AAF9-6C951077BB57}.Debug|Any CPU.Build.0 = Debug|Any CPU
		{DCB8CCF1-24E8-4865-AAF9-6C951077BB57}.Release|Any CPU.ActiveCfg = Release|Any CPU
		{DCB8CCF1-24E8-4865-AAF9-6C951077BB57}.Release|Any CPU.Build.0 = Release|Any CPU
		{411B2533-6434-4E89-815C-341472EC27EC}.Debug|Any CPU.ActiveCfg = Debug|Any CPU
		{411B2533-6434-4E89-815C-341472EC27EC}.Debug|Any CPU.Build.0 = Debug|Any CPU
		{411B2533-6434-4E89-815C-341472EC27EC}.Release|Any CPU.ActiveCfg = Release|Any CPU
		{411B2533-6434-4E89-815C-341472EC27EC}.Release|Any CPU.Build.0 = Release|Any CPU
	EndGlobalSection
	GlobalSection(SolutionProperties) = preSolution
		HideSolutionNode = FALSE
	EndGlobalSection
EndGlobal
